// !$*UTF8*$!
{
	archiveVersion = 1;
	classes = {
	};
	objectVersion = 51;
	objects = {

/* Begin PBXBuildFile section */
		0E9D04F7CF8D63C1D83A659D /* Pods_MuscleRecommendTests.framework in Frameworks */ = {isa = PBXBuildFile; fileRef = BE65668DAA9C045170015A04 /* Pods_MuscleRecommendTests.framework */; };
		6B1B52F726C90BCE00022640 /* MuscleRecommendApp.swift in Sources */ = {isa = PBXBuildFile; fileRef = 6B1B52F626C90BCE00022640 /* MuscleRecommendApp.swift */; };
		6B1B52F926C90BCE00022640 /* ContentView.swift in Sources */ = {isa = PBXBuildFile; fileRef = 6B1B52F826C90BCE00022640 /* ContentView.swift */; };
		6B1B52FB26C90BCE00022640 /* Assets.xcassets in Resources */ = {isa = PBXBuildFile; fileRef = 6B1B52FA26C90BCE00022640 /* Assets.xcassets */; };
		6B1B52FE26C90BCE00022640 /* Preview Assets.xcassets in Resources */ = {isa = PBXBuildFile; fileRef = 6B1B52FD26C90BCE00022640 /* Preview Assets.xcassets */; };
		6B1B530926C90BCF00022640 /* MuscleRecommendTests.swift in Sources */ = {isa = PBXBuildFile; fileRef = 6B1B530826C90BCF00022640 /* MuscleRecommendTests.swift */; };
		6B1B531426C90BCF00022640 /* MuscleRecommendUITests.swift in Sources */ = {isa = PBXBuildFile; fileRef = 6B1B531326C90BCF00022640 /* MuscleRecommendUITests.swift */; };
		6B1B536726C9166900022640 /* TrainingMenuModel.swift in Sources */ = {isa = PBXBuildFile; fileRef = 6B1B536626C9166900022640 /* TrainingMenuModel.swift */; };
		6BD15E8C26C921FB00F4CE66 /* Date.swift in Sources */ = {isa = PBXBuildFile; fileRef = 6BD15E8B26C921FB00F4CE66 /* Date.swift */; };
		7342F6173EE5592E3C92A6F3 /* Pods_MuscleRecommend_MuscleRecommendUITests.framework in Frameworks */ = {isa = PBXBuildFile; fileRef = B51AF4E54F260BF13268E311 /* Pods_MuscleRecommend_MuscleRecommendUITests.framework */; };
		EAB3C1964812B171A16AAE0D /* Pods_MuscleRecommend.framework in Frameworks */ = {isa = PBXBuildFile; fileRef = 683C010BD498FB3C51291FCD /* Pods_MuscleRecommend.framework */; };
/* End PBXBuildFile section */

/* Begin PBXContainerItemProxy section */
		6B1B530526C90BCE00022640 /* PBXContainerItemProxy */ = {
			isa = PBXContainerItemProxy;
			containerPortal = 6B1B52EB26C90BCE00022640 /* Project object */;
			proxyType = 1;
			remoteGlobalIDString = 6B1B52F226C90BCE00022640;
			remoteInfo = MuscleRecommend;
		};
		6B1B531026C90BCF00022640 /* PBXContainerItemProxy */ = {
			isa = PBXContainerItemProxy;
			containerPortal = 6B1B52EB26C90BCE00022640 /* Project object */;
			proxyType = 1;
			remoteGlobalIDString = 6B1B52F226C90BCE00022640;
			remoteInfo = MuscleRecommend;
		};
/* End PBXContainerItemProxy section */

/* Begin PBXFileReference section */
		15AB4CF03D1991191CA552C3 /* Pods-MuscleRecommend.debug.xcconfig */ = {isa = PBXFileReference; includeInIndex = 1; lastKnownFileType = text.xcconfig; name = "Pods-MuscleRecommend.debug.xcconfig"; path = "Target Support Files/Pods-MuscleRecommend/Pods-MuscleRecommend.debug.xcconfig"; sourceTree = "<group>"; };
		2BEEBEE29BA3EBEDCEE8C513 /* Pods-MuscleRecommend-MuscleRecommendUITests.debug.xcconfig */ = {isa = PBXFileReference; includeInIndex = 1; lastKnownFileType = text.xcconfig; name = "Pods-MuscleRecommend-MuscleRecommendUITests.debug.xcconfig"; path = "Target Support Files/Pods-MuscleRecommend-MuscleRecommendUITests/Pods-MuscleRecommend-MuscleRecommendUITests.debug.xcconfig"; sourceTree = "<group>"; };
		5CE4D0F63D35FD2E3C31D18C /* Pods-MuscleRecommendTests.debug.xcconfig */ = {isa = PBXFileReference; includeInIndex = 1; lastKnownFileType = text.xcconfig; name = "Pods-MuscleRecommendTests.debug.xcconfig"; path = "Target Support Files/Pods-MuscleRecommendTests/Pods-MuscleRecommendTests.debug.xcconfig"; sourceTree = "<group>"; };
		683C010BD498FB3C51291FCD /* Pods_MuscleRecommend.framework */ = {isa = PBXFileReference; explicitFileType = wrapper.framework; includeInIndex = 0; path = Pods_MuscleRecommend.framework; sourceTree = BUILT_PRODUCTS_DIR; };
		6B1B52F326C90BCE00022640 /* MuscleRecommend.app */ = {isa = PBXFileReference; explicitFileType = wrapper.application; includeInIndex = 0; path = MuscleRecommend.app; sourceTree = BUILT_PRODUCTS_DIR; };
		6B1B52F626C90BCE00022640 /* MuscleRecommendApp.swift */ = {isa = PBXFileReference; lastKnownFileType = sourcecode.swift; path = MuscleRecommendApp.swift; sourceTree = "<group>"; };
		6B1B52F826C90BCE00022640 /* ContentView.swift */ = {isa = PBXFileReference; lastKnownFileType = sourcecode.swift; path = ContentView.swift; sourceTree = "<group>"; };
		6B1B52FA26C90BCE00022640 /* Assets.xcassets */ = {isa = PBXFileReference; lastKnownFileType = folder.assetcatalog; path = Assets.xcassets; sourceTree = "<group>"; };
		6B1B52FD26C90BCE00022640 /* Preview Assets.xcassets */ = {isa = PBXFileReference; lastKnownFileType = folder.assetcatalog; path = "Preview Assets.xcassets"; sourceTree = "<group>"; };
		6B1B52FF26C90BCE00022640 /* Info.plist */ = {isa = PBXFileReference; lastKnownFileType = text.plist.xml; path = Info.plist; sourceTree = "<group>"; };
		6B1B530426C90BCE00022640 /* MuscleRecommendTests.xctest */ = {isa = PBXFileReference; explicitFileType = wrapper.cfbundle; includeInIndex = 0; path = MuscleRecommendTests.xctest; sourceTree = BUILT_PRODUCTS_DIR; };
		6B1B530826C90BCF00022640 /* MuscleRecommendTests.swift */ = {isa = PBXFileReference; lastKnownFileType = sourcecode.swift; path = MuscleRecommendTests.swift; sourceTree = "<group>"; };
		6B1B530A26C90BCF00022640 /* Info.plist */ = {isa = PBXFileReference; lastKnownFileType = text.plist.xml; path = Info.plist; sourceTree = "<group>"; };
		6B1B530F26C90BCF00022640 /* MuscleRecommendUITests.xctest */ = {isa = PBXFileReference; explicitFileType = wrapper.cfbundle; includeInIndex = 0; path = MuscleRecommendUITests.xctest; sourceTree = BUILT_PRODUCTS_DIR; };
		6B1B531326C90BCF00022640 /* MuscleRecommendUITests.swift */ = {isa = PBXFileReference; lastKnownFileType = sourcecode.swift; path = MuscleRecommendUITests.swift; sourceTree = "<group>"; };
		6B1B531526C90BCF00022640 /* Info.plist */ = {isa = PBXFileReference; lastKnownFileType = text.plist.xml; path = Info.plist; sourceTree = "<group>"; };
		6B1B536626C9166900022640 /* TrainingMenuModel.swift */ = {isa = PBXFileReference; lastKnownFileType = sourcecode.swift; path = TrainingMenuModel.swift; sourceTree = "<group>"; };
		6B56A3B326C91D1400CAD432 /* Realm.framework */ = {isa = PBXFileReference; explicitFileType = wrapper.framework; path = Realm.framework; sourceTree = BUILT_PRODUCTS_DIR; };
		6B56A3B726C91D1800CAD432 /* RealmSwift.framework */ = {isa = PBXFileReference; explicitFileType = wrapper.framework; path = RealmSwift.framework; sourceTree = BUILT_PRODUCTS_DIR; };
		6BD15E8B26C921FB00F4CE66 /* Date.swift */ = {isa = PBXFileReference; lastKnownFileType = sourcecode.swift; path = Date.swift; sourceTree = "<group>"; };
		A8F56C7CF4DB31F0859A7B48 /* Pods-MuscleRecommendTests.release.xcconfig */ = {isa = PBXFileReference; includeInIndex = 1; lastKnownFileType = text.xcconfig; name = "Pods-MuscleRecommendTests.release.xcconfig"; path = "Target Support Files/Pods-MuscleRecommendTests/Pods-MuscleRecommendTests.release.xcconfig"; sourceTree = "<group>"; };
		B51AF4E54F260BF13268E311 /* Pods_MuscleRecommend_MuscleRecommendUITests.framework */ = {isa = PBXFileReference; explicitFileType = wrapper.framework; includeInIndex = 0; path = Pods_MuscleRecommend_MuscleRecommendUITests.framework; sourceTree = BUILT_PRODUCTS_DIR; };
		BE65668DAA9C045170015A04 /* Pods_MuscleRecommendTests.framework */ = {isa = PBXFileReference; explicitFileType = wrapper.framework; includeInIndex = 0; path = Pods_MuscleRecommendTests.framework; sourceTree = BUILT_PRODUCTS_DIR; };
		C622EFEAFA323CE0D7DA2F7D /* Pods-MuscleRecommend-MuscleRecommendUITests.release.xcconfig */ = {isa = PBXFileReference; includeInIndex = 1; lastKnownFileType = text.xcconfig; name = "Pods-MuscleRecommend-MuscleRecommendUITests.release.xcconfig"; path = "Target Support Files/Pods-MuscleRecommend-MuscleRecommendUITests/Pods-MuscleRecommend-MuscleRecommendUITests.release.xcconfig"; sourceTree = "<group>"; };
		D42642FE324D6EF6FAB26A1E /* Pods-MuscleRecommend.release.xcconfig */ = {isa = PBXFileReference; includeInIndex = 1; lastKnownFileType = text.xcconfig; name = "Pods-MuscleRecommend.release.xcconfig"; path = "Target Support Files/Pods-MuscleRecommend/Pods-MuscleRecommend.release.xcconfig"; sourceTree = "<group>"; };
/* End PBXFileReference section */

/* Begin PBXFrameworksBuildPhase section */
		6B1B52F026C90BCE00022640 /* Frameworks */ = {
			isa = PBXFrameworksBuildPhase;
			buildActionMask = 2147483647;
			files = (
				EAB3C1964812B171A16AAE0D /* Pods_MuscleRecommend.framework in Frameworks */,
			);
			runOnlyForDeploymentPostprocessing = 0;
		};
		6B1B530126C90BCE00022640 /* Frameworks */ = {
			isa = PBXFrameworksBuildPhase;
			buildActionMask = 2147483647;
			files = (
				0E9D04F7CF8D63C1D83A659D /* Pods_MuscleRecommendTests.framework in Frameworks */,
			);
			runOnlyForDeploymentPostprocessing = 0;
		};
		6B1B530C26C90BCF00022640 /* Frameworks */ = {
			isa = PBXFrameworksBuildPhase;
			buildActionMask = 2147483647;
			files = (
				7342F6173EE5592E3C92A6F3 /* Pods_MuscleRecommend_MuscleRecommendUITests.framework in Frameworks */,
			);
			runOnlyForDeploymentPostprocessing = 0;
		};
/* End PBXFrameworksBuildPhase section */

/* Begin PBXGroup section */
		6B1B52EA26C90BCE00022640 = {
			isa = PBXGroup;
			children = (
				6B1B52F526C90BCE00022640 /* MuscleRecommend */,
				6B1B530726C90BCE00022640 /* MuscleRecommendTests */,
				6B1B531226C90BCF00022640 /* MuscleRecommendUITests */,
				6B1B52F426C90BCE00022640 /* Products */,
				E41351FF70B695533C94B9EC /* Pods */,
				DCD58C11C2111A4B6D1A2788 /* Frameworks */,
			);
			sourceTree = "<group>";
		};
		6B1B52F426C90BCE00022640 /* Products */ = {
			isa = PBXGroup;
			children = (
				6B1B52F326C90BCE00022640 /* MuscleRecommend.app */,
				6B1B530426C90BCE00022640 /* MuscleRecommendTests.xctest */,
				6B1B530F26C90BCF00022640 /* MuscleRecommendUITests.xctest */,
			);
			name = Products;
			sourceTree = "<group>";
		};
		6B1B52F526C90BCE00022640 /* MuscleRecommend */ = {
			isa = PBXGroup;
			children = (
				6BD15E8A26C921CA00F4CE66 /* Common */,
				6B1B536126C9157600022640 /* Model */,
				6B1B536226C9158100022640 /* ViewModel */,
				6B1B536026C9156800022640 /* View */,
				6B1B52F626C90BCE00022640 /* MuscleRecommendApp.swift */,
				6B1B52F826C90BCE00022640 /* ContentView.swift */,
				6B1B52FA26C90BCE00022640 /* Assets.xcassets */,
				6B1B52FF26C90BCE00022640 /* Info.plist */,
				6B1B52FC26C90BCE00022640 /* Preview Content */,
			);
			path = MuscleRecommend;
			sourceTree = "<group>";
		};
		6B1B52FC26C90BCE00022640 /* Preview Content */ = {
			isa = PBXGroup;
			children = (
				6B1B52FD26C90BCE00022640 /* Preview Assets.xcassets */,
			);
			path = "Preview Content";
			sourceTree = "<group>";
		};
		6B1B530726C90BCE00022640 /* MuscleRecommendTests */ = {
			isa = PBXGroup;
			children = (
				6B1B530826C90BCF00022640 /* MuscleRecommendTests.swift */,
				6B1B530A26C90BCF00022640 /* Info.plist */,
			);
			path = MuscleRecommendTests;
			sourceTree = "<group>";
		};
		6B1B531226C90BCF00022640 /* MuscleRecommendUITests */ = {
			isa = PBXGroup;
			children = (
				6B1B531326C90BCF00022640 /* MuscleRecommendUITests.swift */,
				6B1B531526C90BCF00022640 /* Info.plist */,
			);
			path = MuscleRecommendUITests;
			sourceTree = "<group>";
		};
		6B1B536026C9156800022640 /* View */ = {
			isa = PBXGroup;
			children = (
			);
			path = View;
			sourceTree = "<group>";
		};
		6B1B536126C9157600022640 /* Model */ = {
			isa = PBXGroup;
			children = (
				6B1B536626C9166900022640 /* TrainingMenuModel.swift */,
			);
			path = Model;
			sourceTree = "<group>";
		};
		6B1B536226C9158100022640 /* ViewModel */ = {
			isa = PBXGroup;
			children = (
			);
			path = ViewModel;
			sourceTree = "<group>";
		};
		6BD15E8A26C921CA00F4CE66 /* Common */ = {
			isa = PBXGroup;
			children = (
				6BD15E8B26C921FB00F4CE66 /* Date.swift */,
			);
			path = Common;
			sourceTree = "<group>";
		};
		DCD58C11C2111A4B6D1A2788 /* Frameworks */ = {
			isa = PBXGroup;
			children = (
				6B56A3B726C91D1800CAD432 /* RealmSwift.framework */,
				6B56A3B326C91D1400CAD432 /* Realm.framework */,
				683C010BD498FB3C51291FCD /* Pods_MuscleRecommend.framework */,
				B51AF4E54F260BF13268E311 /* Pods_MuscleRecommend_MuscleRecommendUITests.framework */,
				BE65668DAA9C045170015A04 /* Pods_MuscleRecommendTests.framework */,
			);
			name = Frameworks;
			sourceTree = "<group>";
		};
		E41351FF70B695533C94B9EC /* Pods */ = {
			isa = PBXGroup;
			children = (
				15AB4CF03D1991191CA552C3 /* Pods-MuscleRecommend.debug.xcconfig */,
				D42642FE324D6EF6FAB26A1E /* Pods-MuscleRecommend.release.xcconfig */,
				2BEEBEE29BA3EBEDCEE8C513 /* Pods-MuscleRecommend-MuscleRecommendUITests.debug.xcconfig */,
				C622EFEAFA323CE0D7DA2F7D /* Pods-MuscleRecommend-MuscleRecommendUITests.release.xcconfig */,
				5CE4D0F63D35FD2E3C31D18C /* Pods-MuscleRecommendTests.debug.xcconfig */,
				A8F56C7CF4DB31F0859A7B48 /* Pods-MuscleRecommendTests.release.xcconfig */,
			);
			path = Pods;
			sourceTree = "<group>";
		};
/* End PBXGroup section */

/* Begin PBXNativeTarget section */
		6B1B52F226C90BCE00022640 /* MuscleRecommend */ = {
			isa = PBXNativeTarget;
			buildConfigurationList = 6B1B531826C90BCF00022640 /* Build configuration list for PBXNativeTarget "MuscleRecommend" */;
			buildPhases = (
				40B895B1133A4214C0523998 /* [CP] Check Pods Manifest.lock */,
				6B1B52EF26C90BCE00022640 /* Sources */,
				6B1B52F026C90BCE00022640 /* Frameworks */,
				6B1B52F126C90BCE00022640 /* Resources */,
				C065F82138C6F518714936A0 /* [CP] Embed Pods Frameworks */,
			);
			buildRules = (
			);
			dependencies = (
			);
			name = MuscleRecommend;
			productName = MuscleRecommend;
			productReference = 6B1B52F326C90BCE00022640 /* MuscleRecommend.app */;
			productType = "com.apple.product-type.application";
		};
		6B1B530326C90BCE00022640 /* MuscleRecommendTests */ = {
			isa = PBXNativeTarget;
			buildConfigurationList = 6B1B531B26C90BCF00022640 /* Build configuration list for PBXNativeTarget "MuscleRecommendTests" */;
			buildPhases = (
				514477E763AAE0500CC2F0A8 /* [CP] Check Pods Manifest.lock */,
				6B1B530026C90BCE00022640 /* Sources */,
				6B1B530126C90BCE00022640 /* Frameworks */,
				6B1B530226C90BCE00022640 /* Resources */,
			);
			buildRules = (
			);
			dependencies = (
				6B1B530626C90BCE00022640 /* PBXTargetDependency */,
			);
			name = MuscleRecommendTests;
			productName = MuscleRecommendTests;
			productReference = 6B1B530426C90BCE00022640 /* MuscleRecommendTests.xctest */;
			productType = "com.apple.product-type.bundle.unit-test";
		};
		6B1B530E26C90BCF00022640 /* MuscleRecommendUITests */ = {
			isa = PBXNativeTarget;
			buildConfigurationList = 6B1B531E26C90BCF00022640 /* Build configuration list for PBXNativeTarget "MuscleRecommendUITests" */;
			buildPhases = (
				B2CBFFDA5023271E012B32DE /* [CP] Check Pods Manifest.lock */,
				6B1B530B26C90BCF00022640 /* Sources */,
				6B1B530C26C90BCF00022640 /* Frameworks */,
				6B1B530D26C90BCF00022640 /* Resources */,
				5FA22A4F9BADB344F0EC03DC /* [CP] Embed Pods Frameworks */,
			);
			buildRules = (
			);
			dependencies = (
				6B1B531126C90BCF00022640 /* PBXTargetDependency */,
			);
			name = MuscleRecommendUITests;
			productName = MuscleRecommendUITests;
			productReference = 6B1B530F26C90BCF00022640 /* MuscleRecommendUITests.xctest */;
			productType = "com.apple.product-type.bundle.ui-testing";
		};
/* End PBXNativeTarget section */

/* Begin PBXProject section */
		6B1B52EB26C90BCE00022640 /* Project object */ = {
			isa = PBXProject;
			attributes = {
				LastSwiftUpdateCheck = 1240;
				LastUpgradeCheck = 1240;
				TargetAttributes = {
					6B1B52F226C90BCE00022640 = {
						CreatedOnToolsVersion = 12.4;
					};
					6B1B530326C90BCE00022640 = {
						CreatedOnToolsVersion = 12.4;
						TestTargetID = 6B1B52F226C90BCE00022640;
					};
					6B1B530E26C90BCF00022640 = {
						CreatedOnToolsVersion = 12.4;
						TestTargetID = 6B1B52F226C90BCE00022640;
					};
				};
			};
			buildConfigurationList = 6B1B52EE26C90BCE00022640 /* Build configuration list for PBXProject "MuscleRecommend" */;
			compatibilityVersion = "Xcode 9.3";
			developmentRegion = en;
			hasScannedForEncodings = 0;
			knownRegions = (
				en,
				Base,
			);
			mainGroup = 6B1B52EA26C90BCE00022640;
			productRefGroup = 6B1B52F426C90BCE00022640 /* Products */;
			projectDirPath = "";
			projectRoot = "";
			targets = (
				6B1B52F226C90BCE00022640 /* MuscleRecommend */,
				6B1B530326C90BCE00022640 /* MuscleRecommendTests */,
				6B1B530E26C90BCF00022640 /* MuscleRecommendUITests */,
			);
		};
/* End PBXProject section */

/* Begin PBXResourcesBuildPhase section */
		6B1B52F126C90BCE00022640 /* Resources */ = {
			isa = PBXResourcesBuildPhase;
			buildActionMask = 2147483647;
			files = (
				6B1B52FE26C90BCE00022640 /* Preview Assets.xcassets in Resources */,
				6B1B52FB26C90BCE00022640 /* Assets.xcassets in Resources */,
			);
			runOnlyForDeploymentPostprocessing = 0;
		};
		6B1B530226C90BCE00022640 /* Resources */ = {
			isa = PBXResourcesBuildPhase;
			buildActionMask = 2147483647;
			files = (
			);
			runOnlyForDeploymentPostprocessing = 0;
		};
		6B1B530D26C90BCF00022640 /* Resources */ = {
			isa = PBXResourcesBuildPhase;
			buildActionMask = 2147483647;
			files = (
			);
			runOnlyForDeploymentPostprocessing = 0;
		};
/* End PBXResourcesBuildPhase section */

/* Begin PBXShellScriptBuildPhase section */
		40B895B1133A4214C0523998 /* [CP] Check Pods Manifest.lock */ = {
			isa = PBXShellScriptBuildPhase;
			buildActionMask = 2147483647;
			files = (
			);
			inputFileListPaths = (
			);
			inputPaths = (
				"${PODS_PODFILE_DIR_PATH}/Podfile.lock",
				"${PODS_ROOT}/Manifest.lock",
			);
			name = "[CP] Check Pods Manifest.lock";
			outputFileListPaths = (
			);
			outputPaths = (
				"$(DERIVED_FILE_DIR)/Pods-MuscleRecommend-checkManifestLockResult.txt",
			);
			runOnlyForDeploymentPostprocessing = 0;
			shellPath = /bin/sh;
			shellScript = "diff \"${PODS_PODFILE_DIR_PATH}/Podfile.lock\" \"${PODS_ROOT}/Manifest.lock\" > /dev/null\nif [ $? != 0 ] ; then\n    # print error to STDERR\n    echo \"error: The sandbox is not in sync with the Podfile.lock. Run 'pod install' or update your CocoaPods installation.\" >&2\n    exit 1\nfi\n# This output is used by Xcode 'outputs' to avoid re-running this script phase.\necho \"SUCCESS\" > \"${SCRIPT_OUTPUT_FILE_0}\"\n";
			showEnvVarsInLog = 0;
		};
		514477E763AAE0500CC2F0A8 /* [CP] Check Pods Manifest.lock */ = {
			isa = PBXShellScriptBuildPhase;
			buildActionMask = 2147483647;
			files = (
			);
			inputFileListPaths = (
			);
			inputPaths = (
				"${PODS_PODFILE_DIR_PATH}/Podfile.lock",
				"${PODS_ROOT}/Manifest.lock",
			);
			name = "[CP] Check Pods Manifest.lock";
			outputFileListPaths = (
			);
			outputPaths = (
				"$(DERIVED_FILE_DIR)/Pods-MuscleRecommendTests-checkManifestLockResult.txt",
			);
			runOnlyForDeploymentPostprocessing = 0;
			shellPath = /bin/sh;
			shellScript = "diff \"${PODS_PODFILE_DIR_PATH}/Podfile.lock\" \"${PODS_ROOT}/Manifest.lock\" > /dev/null\nif [ $? != 0 ] ; then\n    # print error to STDERR\n    echo \"error: The sandbox is not in sync with the Podfile.lock. Run 'pod install' or update your CocoaPods installation.\" >&2\n    exit 1\nfi\n# This output is used by Xcode 'outputs' to avoid re-running this script phase.\necho \"SUCCESS\" > \"${SCRIPT_OUTPUT_FILE_0}\"\n";
			showEnvVarsInLog = 0;
		};
		5FA22A4F9BADB344F0EC03DC /* [CP] Embed Pods Frameworks */ = {
			isa = PBXShellScriptBuildPhase;
			buildActionMask = 2147483647;
			files = (
			);
			inputFileListPaths = (
				"${PODS_ROOT}/Target Support Files/Pods-MuscleRecommend-MuscleRecommendUITests/Pods-MuscleRecommend-MuscleRecommendUITests-frameworks-${CONFIGURATION}-input-files.xcfilelist",
			);
			name = "[CP] Embed Pods Frameworks";
			outputFileListPaths = (
				"${PODS_ROOT}/Target Support Files/Pods-MuscleRecommend-MuscleRecommendUITests/Pods-MuscleRecommend-MuscleRecommendUITests-frameworks-${CONFIGURATION}-output-files.xcfilelist",
			);
			runOnlyForDeploymentPostprocessing = 0;
			shellPath = /bin/sh;
			shellScript = "\"${PODS_ROOT}/Target Support Files/Pods-MuscleRecommend-MuscleRecommendUITests/Pods-MuscleRecommend-MuscleRecommendUITests-frameworks.sh\"\n";
			showEnvVarsInLog = 0;
		};
		B2CBFFDA5023271E012B32DE /* [CP] Check Pods Manifest.lock */ = {
			isa = PBXShellScriptBuildPhase;
			buildActionMask = 2147483647;
			files = (
			);
			inputFileListPaths = (
			);
			inputPaths = (
				"${PODS_PODFILE_DIR_PATH}/Podfile.lock",
				"${PODS_ROOT}/Manifest.lock",
			);
			name = "[CP] Check Pods Manifest.lock";
			outputFileListPaths = (
			);
			outputPaths = (
				"$(DERIVED_FILE_DIR)/Pods-MuscleRecommend-MuscleRecommendUITests-checkManifestLockResult.txt",
			);
			runOnlyForDeploymentPostprocessing = 0;
			shellPath = /bin/sh;
			shellScript = "diff \"${PODS_PODFILE_DIR_PATH}/Podfile.lock\" \"${PODS_ROOT}/Manifest.lock\" > /dev/null\nif [ $? != 0 ] ; then\n    # print error to STDERR\n    echo \"error: The sandbox is not in sync with the Podfile.lock. Run 'pod install' or update your CocoaPods installation.\" >&2\n    exit 1\nfi\n# This output is used by Xcode 'outputs' to avoid re-running this script phase.\necho \"SUCCESS\" > \"${SCRIPT_OUTPUT_FILE_0}\"\n";
			showEnvVarsInLog = 0;
		};
		C065F82138C6F518714936A0 /* [CP] Embed Pods Frameworks */ = {
			isa = PBXShellScriptBuildPhase;
			buildActionMask = 2147483647;
			files = (
			);
			inputFileListPaths = (
				"${PODS_ROOT}/Target Support Files/Pods-MuscleRecommend/Pods-MuscleRecommend-frameworks-${CONFIGURATION}-input-files.xcfilelist",
			);
			name = "[CP] Embed Pods Frameworks";
			outputFileListPaths = (
				"${PODS_ROOT}/Target Support Files/Pods-MuscleRecommend/Pods-MuscleRecommend-frameworks-${CONFIGURATION}-output-files.xcfilelist",
			);
			runOnlyForDeploymentPostprocessing = 0;
			shellPath = /bin/sh;
			shellScript = "\"${PODS_ROOT}/Target Support Files/Pods-MuscleRecommend/Pods-MuscleRecommend-frameworks.sh\"\n";
			showEnvVarsInLog = 0;
		};
/* End PBXShellScriptBuildPhase section */

/* Begin PBXSourcesBuildPhase section */
		6B1B52EF26C90BCE00022640 /* Sources */ = {
			isa = PBXSourcesBuildPhase;
			buildActionMask = 2147483647;
			files = (
				6B1B52F926C90BCE00022640 /* ContentView.swift in Sources */,
				6B1B536726C9166900022640 /* TrainingMenuModel.swift in Sources */,
				6B1B52F726C90BCE00022640 /* MuscleRecommendApp.swift in Sources */,
				6BD15E8C26C921FB00F4CE66 /* Date.swift in Sources */,
			);
			runOnlyForDeploymentPostprocessing = 0;
		};
		6B1B530026C90BCE00022640 /* Sources */ = {
			isa = PBXSourcesBuildPhase;
			buildActionMask = 2147483647;
			files = (
				6B1B530926C90BCF00022640 /* MuscleRecommendTests.swift in Sources */,
			);
			runOnlyForDeploymentPostprocessing = 0;
		};
		6B1B530B26C90BCF00022640 /* Sources */ = {
			isa = PBXSourcesBuildPhase;
			buildActionMask = 2147483647;
			files = (
				6B1B531426C90BCF00022640 /* MuscleRecommendUITests.swift in Sources */,
			);
			runOnlyForDeploymentPostprocessing = 0;
		};
/* End PBXSourcesBuildPhase section */

/* Begin PBXTargetDependency section */
		6B1B530626C90BCE00022640 /* PBXTargetDependency */ = {
			isa = PBXTargetDependency;
			target = 6B1B52F226C90BCE00022640 /* MuscleRecommend */;
			targetProxy = 6B1B530526C90BCE00022640 /* PBXContainerItemProxy */;
		};
		6B1B531126C90BCF00022640 /* PBXTargetDependency */ = {
			isa = PBXTargetDependency;
			target = 6B1B52F226C90BCE00022640 /* MuscleRecommend */;
			targetProxy = 6B1B531026C90BCF00022640 /* PBXContainerItemProxy */;
		};
/* End PBXTargetDependency section */

/* Begin XCBuildConfiguration section */
		6B1B531626C90BCF00022640 /* Debug */ = {
			isa = XCBuildConfiguration;
			buildSettings = {
				ALWAYS_SEARCH_USER_PATHS = NO;
				CLANG_ANALYZER_NONNULL = YES;
				CLANG_ANALYZER_NUMBER_OBJECT_CONVERSION = YES_AGGRESSIVE;
				CLANG_CXX_LANGUAGE_STANDARD = "gnu++14";
				CLANG_CXX_LIBRARY = "libc++";
				CLANG_ENABLE_MODULES = YES;
				CLANG_ENABLE_OBJC_ARC = YES;
				CLANG_ENABLE_OBJC_WEAK = YES;
				CLANG_WARN_BLOCK_CAPTURE_AUTORELEASING = YES;
				CLANG_WARN_BOOL_CONVERSION = YES;
				CLANG_WARN_COMMA = YES;
				CLANG_WARN_CONSTANT_CONVERSION = YES;
				CLANG_WARN_DEPRECATED_OBJC_IMPLEMENTATIONS = YES;
				CLANG_WARN_DIRECT_OBJC_ISA_USAGE = YES_ERROR;
				CLANG_WARN_DOCUMENTATION_COMMENTS = YES;
				CLANG_WARN_EMPTY_BODY = YES;
				CLANG_WARN_ENUM_CONVERSION = YES;
				CLANG_WARN_INFINITE_RECURSION = YES;
				CLANG_WARN_INT_CONVERSION = YES;
				CLANG_WARN_NON_LITERAL_NULL_CONVERSION = YES;
				CLANG_WARN_OBJC_IMPLICIT_RETAIN_SELF = YES;
				CLANG_WARN_OBJC_LITERAL_CONVERSION = YES;
				CLANG_WARN_OBJC_ROOT_CLASS = YES_ERROR;
				CLANG_WARN_QUOTED_INCLUDE_IN_FRAMEWORK_HEADER = YES;
				CLANG_WARN_RANGE_LOOP_ANALYSIS = YES;
				CLANG_WARN_STRICT_PROTOTYPES = YES;
				CLANG_WARN_SUSPICIOUS_MOVE = YES;
				CLANG_WARN_UNGUARDED_AVAILABILITY = YES_AGGRESSIVE;
				CLANG_WARN_UNREACHABLE_CODE = YES;
				CLANG_WARN__DUPLICATE_METHOD_MATCH = YES;
				COPY_PHASE_STRIP = NO;
				DEBUG_INFORMATION_FORMAT = dwarf;
				ENABLE_STRICT_OBJC_MSGSEND = YES;
				ENABLE_TESTABILITY = YES;
				GCC_C_LANGUAGE_STANDARD = gnu11;
				GCC_DYNAMIC_NO_PIC = NO;
				GCC_NO_COMMON_BLOCKS = YES;
				GCC_OPTIMIZATION_LEVEL = 0;
				GCC_PREPROCESSOR_DEFINITIONS = (
					"DEBUG=1",
					"$(inherited)",
				);
				GCC_WARN_64_TO_32_BIT_CONVERSION = YES;
				GCC_WARN_ABOUT_RETURN_TYPE = YES_ERROR;
				GCC_WARN_UNDECLARED_SELECTOR = YES;
				GCC_WARN_UNINITIALIZED_AUTOS = YES_AGGRESSIVE;
				GCC_WARN_UNUSED_FUNCTION = YES;
				GCC_WARN_UNUSED_VARIABLE = YES;
				IPHONEOS_DEPLOYMENT_TARGET = 14.4;
				MTL_ENABLE_DEBUG_INFO = INCLUDE_SOURCE;
				MTL_FAST_MATH = YES;
				ONLY_ACTIVE_ARCH = YES;
				SDKROOT = iphoneos;
				SWIFT_ACTIVE_COMPILATION_CONDITIONS = DEBUG;
				SWIFT_OPTIMIZATION_LEVEL = "-Onone";
			};
			name = Debug;
		};
		6B1B531726C90BCF00022640 /* Release */ = {
			isa = XCBuildConfiguration;
			buildSettings = {
				ALWAYS_SEARCH_USER_PATHS = NO;
				CLANG_ANALYZER_NONNULL = YES;
				CLANG_ANALYZER_NUMBER_OBJECT_CONVERSION = YES_AGGRESSIVE;
				CLANG_CXX_LANGUAGE_STANDARD = "gnu++14";
				CLANG_CXX_LIBRARY = "libc++";
				CLANG_ENABLE_MODULES = YES;
				CLANG_ENABLE_OBJC_ARC = YES;
				CLANG_ENABLE_OBJC_WEAK = YES;
				CLANG_WARN_BLOCK_CAPTURE_AUTORELEASING = YES;
				CLANG_WARN_BOOL_CONVERSION = YES;
				CLANG_WARN_COMMA = YES;
				CLANG_WARN_CONSTANT_CONVERSION = YES;
				CLANG_WARN_DEPRECATED_OBJC_IMPLEMENTATIONS = YES;
				CLANG_WARN_DIRECT_OBJC_ISA_USAGE = YES_ERROR;
				CLANG_WARN_DOCUMENTATION_COMMENTS = YES;
				CLANG_WARN_EMPTY_BODY = YES;
				CLANG_WARN_ENUM_CONVERSION = YES;
				CLANG_WARN_INFINITE_RECURSION = YES;
				CLANG_WARN_INT_CONVERSION = YES;
				CLANG_WARN_NON_LITERAL_NULL_CONVERSION = YES;
				CLANG_WARN_OBJC_IMPLICIT_RETAIN_SELF = YES;
				CLANG_WARN_OBJC_LITERAL_CONVERSION = YES;
				CLANG_WARN_OBJC_ROOT_CLASS = YES_ERROR;
				CLANG_WARN_QUOTED_INCLUDE_IN_FRAMEWORK_HEADER = YES;
				CLANG_WARN_RANGE_LOOP_ANALYSIS = YES;
				CLANG_WARN_STRICT_PROTOTYPES = YES;
				CLANG_WARN_SUSPICIOUS_MOVE = YES;
				CLANG_WARN_UNGUARDED_AVAILABILITY = YES_AGGRESSIVE;
				CLANG_WARN_UNREACHABLE_CODE = YES;
				CLANG_WARN__DUPLICATE_METHOD_MATCH = YES;
				COPY_PHASE_STRIP = NO;
				DEBUG_INFORMATION_FORMAT = "dwarf-with-dsym";
				ENABLE_NS_ASSERTIONS = NO;
				ENABLE_STRICT_OBJC_MSGSEND = YES;
				GCC_C_LANGUAGE_STANDARD = gnu11;
				GCC_NO_COMMON_BLOCKS = YES;
				GCC_WARN_64_TO_32_BIT_CONVERSION = YES;
				GCC_WARN_ABOUT_RETURN_TYPE = YES_ERROR;
				GCC_WARN_UNDECLARED_SELECTOR = YES;
				GCC_WARN_UNINITIALIZED_AUTOS = YES_AGGRESSIVE;
				GCC_WARN_UNUSED_FUNCTION = YES;
				GCC_WARN_UNUSED_VARIABLE = YES;
				IPHONEOS_DEPLOYMENT_TARGET = 14.4;
				MTL_ENABLE_DEBUG_INFO = NO;
				MTL_FAST_MATH = YES;
				SDKROOT = iphoneos;
				SWIFT_COMPILATION_MODE = wholemodule;
				SWIFT_OPTIMIZATION_LEVEL = "-O";
				VALIDATE_PRODUCT = YES;
			};
			name = Release;
		};
		6B1B531926C90BCF00022640 /* Debug */ = {
			isa = XCBuildConfiguration;
			baseConfigurationReference = 15AB4CF03D1991191CA552C3 /* Pods-MuscleRecommend.debug.xcconfig */;
			buildSettings = {
				ASSETCATALOG_COMPILER_APPICON_NAME = AppIcon;
				ASSETCATALOG_COMPILER_GLOBAL_ACCENT_COLOR_NAME = AccentColor;
				CODE_SIGN_STYLE = Automatic;
				DEVELOPMENT_ASSET_PATHS = "\"MuscleRecommend/Preview Content\"";
				DEVELOPMENT_TEAM = L6CD882LCX;
				ENABLE_PREVIEWS = YES;
				INFOPLIST_FILE = MuscleRecommend/Info.plist;
				IPHONEOS_DEPLOYMENT_TARGET = 14.0;
				LD_RUNPATH_SEARCH_PATHS = (
					"$(inherited)",
					"@executable_path/Frameworks",
				);
				PRODUCT_BUNDLE_IDENTIFIER = geckoyamori.MuscleRecommend;
				PRODUCT_NAME = "$(TARGET_NAME)";
				SWIFT_VERSION = 5.0;
				TARGETED_DEVICE_FAMILY = "1,2";
			};
			name = Debug;
		};
		6B1B531A26C90BCF00022640 /* Release */ = {
			isa = XCBuildConfiguration;
			baseConfigurationReference = D42642FE324D6EF6FAB26A1E /* Pods-MuscleRecommend.release.xcconfig */;
			buildSettings = {
				ASSETCATALOG_COMPILER_APPICON_NAME = AppIcon;
				ASSETCATALOG_COMPILER_GLOBAL_ACCENT_COLOR_NAME = AccentColor;
				CODE_SIGN_STYLE = Automatic;
				DEVELOPMENT_ASSET_PATHS = "\"MuscleRecommend/Preview Content\"";
				DEVELOPMENT_TEAM = L6CD882LCX;
				ENABLE_PREVIEWS = YES;
				INFOPLIST_FILE = MuscleRecommend/Info.plist;
				IPHONEOS_DEPLOYMENT_TARGET = 14.0;
				LD_RUNPATH_SEARCH_PATHS = (
					"$(inherited)",
					"@executable_path/Frameworks",
				);
				PRODUCT_BUNDLE_IDENTIFIER = geckoyamori.MuscleRecommend;
				PRODUCT_NAME = "$(TARGET_NAME)";
				SWIFT_VERSION = 5.0;
				TARGETED_DEVICE_FAMILY = "1,2";
			};
			name = Release;
		};
		6B1B531C26C90BCF00022640 /* Debug */ = {
			isa = XCBuildConfiguration;
			baseConfigurationReference = 5CE4D0F63D35FD2E3C31D18C /* Pods-MuscleRecommendTests.debug.xcconfig */;
			buildSettings = {
				ALWAYS_EMBED_SWIFT_STANDARD_LIBRARIES = YES;
				BUNDLE_LOADER = "$(TEST_HOST)";
				CODE_SIGN_STYLE = Automatic;
				DEVELOPMENT_TEAM = L6CD882LCX;
				INFOPLIST_FILE = MuscleRecommendTests/Info.plist;
				IPHONEOS_DEPLOYMENT_TARGET = 14.0;
				LD_RUNPATH_SEARCH_PATHS = (
					"$(inherited)",
					"@executable_path/Frameworks",
					"@loader_path/Frameworks",
				);
				PRODUCT_BUNDLE_IDENTIFIER = geckoyamori.MuscleRecommendTests;
				PRODUCT_NAME = "$(TARGET_NAME)";
				SWIFT_VERSION = 5.0;
				TARGETED_DEVICE_FAMILY = "1,2";
				TEST_HOST = "$(BUILT_PRODUCTS_DIR)/MuscleRecommend.app/MuscleRecommend";
			};
			name = Debug;
		};
		6B1B531D26C90BCF00022640 /* Release */ = {
			isa = XCBuildConfiguration;
			baseConfigurationReference = A8F56C7CF4DB31F0859A7B48 /* Pods-MuscleRecommendTests.release.xcconfig */;
			buildSettings = {
				ALWAYS_EMBED_SWIFT_STANDARD_LIBRARIES = YES;
				BUNDLE_LOADER = "$(TEST_HOST)";
				CODE_SIGN_STYLE = Automatic;
				DEVELOPMENT_TEAM = L6CD882LCX;
				INFOPLIST_FILE = MuscleRecommendTests/Info.plist;
				IPHONEOS_DEPLOYMENT_TARGET = 14.0;
				LD_RUNPATH_SEARCH_PATHS = (
					"$(inherited)",
					"@executable_path/Frameworks",
					"@loader_path/Frameworks",
				);
				PRODUCT_BUNDLE_IDENTIFIER = geckoyamori.MuscleRecommendTests;
				PRODUCT_NAME = "$(TARGET_NAME)";
				SWIFT_VERSION = 5.0;
				TARGETED_DEVICE_FAMILY = "1,2";
				TEST_HOST = "$(BUILT_PRODUCTS_DIR)/MuscleRecommend.app/MuscleRecommend";
			};
			name = Release;
		};
		6B1B531F26C90BCF00022640 /* Debug */ = {
			isa = XCBuildConfiguration;
			baseConfigurationReference = 2BEEBEE29BA3EBEDCEE8C513 /* Pods-MuscleRecommend-MuscleRecommendUITests.debug.xcconfig */;
			buildSettings = {
				ALWAYS_EMBED_SWIFT_STANDARD_LIBRARIES = YES;
				CODE_SIGN_STYLE = Automatic;
				DEVELOPMENT_TEAM = L6CD882LCX;
				INFOPLIST_FILE = MuscleRecommendUITests/Info.plist;
				LD_RUNPATH_SEARCH_PATHS = (
					"$(inherited)",
					"@executable_path/Frameworks",
					"@loader_path/Frameworks",
				);
				PRODUCT_BUNDLE_IDENTIFIER = geckoyamori.MuscleRecommendUITests;
				PRODUCT_NAME = "$(TARGET_NAME)";
				SWIFT_VERSION = 5.0;
				TARGETED_DEVICE_FAMILY = "1,2";
				TEST_TARGET_NAME = MuscleRecommend;
			};
			name = Debug;
		};
		6B1B532026C90BCF00022640 /* Release */ = {
			isa = XCBuildConfiguration;
			baseConfigurationReference = C622EFEAFA323CE0D7DA2F7D /* Pods-MuscleRecommend-MuscleRecommendUITests.release.xcconfig */;
			buildSettings = {
				ALWAYS_EMBED_SWIFT_STANDARD_LIBRARIES = YES;
				CODE_SIGN_STYLE = Automatic;
				DEVELOPMENT_TEAM = L6CD882LCX;
				INFOPLIST_FILE = MuscleRecommendUITests/Info.plist;
				LD_RUNPATH_SEARCH_PATHS = (
					"$(inherited)",
					"@executable_path/Frameworks",
					"@loader_path/Frameworks",
				);
				PRODUCT_BUNDLE_IDENTIFIER = geckoyamori.MuscleRecommendUITests;
				PRODUCT_NAME = "$(TARGET_NAME)";
				SWIFT_VERSION = 5.0;
				TARGETED_DEVICE_FAMILY = "1,2";
				TEST_TARGET_NAME = MuscleRecommend;
			};
			name = Release;
		};
/* End XCBuildConfiguration section */

/* Begin XCConfigurationList section */
		6B1B52EE26C90BCE00022640 /* Build configuration list for PBXProject "MuscleRecommend" */ = {
			isa = XCConfigurationList;
			buildConfigurations = (
				6B1B531626C90BCF00022640 /* Debug */,
				6B1B531726C90BCF00022640 /* Release */,
			);
			defaultConfigurationIsVisible = 0;
			defaultConfigurationName = Release;
		};
		6B1B531826C90BCF00022640 /* Build configuration list for PBXNativeTarget "MuscleRecommend" */ = {
			isa = XCConfigurationList;
			buildConfigurations = (
				6B1B531926C90BCF00022640 /* Debug */,
				6B1B531A26C90BCF00022640 /* Release */,
			);
			defaultConfigurationIsVisible = 0;
			defaultConfigurationName = Release;
		};
		6B1B531B26C90BCF00022640 /* Build configuration list for PBXNativeTarget "MuscleRecommendTests" */ = {
			isa = XCConfigurationList;
			buildConfigurations = (
				6B1B531C26C90BCF00022640 /* Debug */,
				6B1B531D26C90BCF00022640 /* Release */,
			);
			defaultConfigurationIsVisible = 0;
			defaultConfigurationName = Release;
		};
		6B1B531E26C90BCF00022640 /* Build configuration list for PBXNativeTarget "MuscleRecommendUITests" */ = {
			isa = XCConfigurationList;
			buildConfigurations = (
				6B1B531F26C90BCF00022640 /* Debug */,
				6B1B532026C90BCF00022640 /* Release */,
			);
			defaultConfigurationIsVisible = 0;
			defaultConfigurationName = Release;
		};
/* End XCConfigurationList section */
	};
	rootObject = 6B1B52EB26C90BCE00022640 /* Project object */;
}
