// !$*UTF8*$!
{
	archiveVersion = 1;
	classes = {
	};
	objectVersion = 50;
	objects = {

/* Begin PBXBuildFile section */
		6B696A8726C909BA0034CFED /* MuscleReccomendApp.swift in Sources */ = {isa = PBXBuildFile; fileRef = 6B696A8626C909BA0034CFED /* MuscleReccomendApp.swift */; };
		6B696A8926C909BA0034CFED /* ContentView.swift in Sources */ = {isa = PBXBuildFile; fileRef = 6B696A8826C909BA0034CFED /* ContentView.swift */; };
		6B696A8B26C909BA0034CFED /* Assets.xcassets in Resources */ = {isa = PBXBuildFile; fileRef = 6B696A8A26C909BA0034CFED /* Assets.xcassets */; };
		6B696A8E26C909BA0034CFED /* Preview Assets.xcassets in Resources */ = {isa = PBXBuildFile; fileRef = 6B696A8D26C909BA0034CFED /* Preview Assets.xcassets */; };
		6B696A9926C909BB0034CFED /* MuscleReccomendTests.swift in Sources */ = {isa = PBXBuildFile; fileRef = 6B696A9826C909BB0034CFED /* MuscleReccomendTests.swift */; };
		6B696AA426C909BB0034CFED /* MuscleReccomendUITests.swift in Sources */ = {isa = PBXBuildFile; fileRef = 6B696AA326C909BB0034CFED /* MuscleReccomendUITests.swift */; };
/* End PBXBuildFile section */

/* Begin PBXContainerItemProxy section */
		6B696A9526C909BB0034CFED /* PBXContainerItemProxy */ = {
			isa = PBXContainerItemProxy;
			containerPortal = 6B696A7B26C909BA0034CFED /* Project object */;
			proxyType = 1;
			remoteGlobalIDString = 6B696A8226C909BA0034CFED;
			remoteInfo = MuscleReccomend;
		};
		6B696AA026C909BB0034CFED /* PBXContainerItemProxy */ = {
			isa = PBXContainerItemProxy;
			containerPortal = 6B696A7B26C909BA0034CFED /* Project object */;
			proxyType = 1;
			remoteGlobalIDString = 6B696A8226C909BA0034CFED;
			remoteInfo = MuscleReccomend;
		};
/* End PBXContainerItemProxy section */

/* Begin PBXFileReference section */
		6B696A8326C909BA0034CFED /* MuscleReccomend.app */ = {isa = PBXFileReference; explicitFileType = wrapper.application; includeInIndex = 0; path = MuscleReccomend.app; sourceTree = BUILT_PRODUCTS_DIR; };
		6B696A8626C909BA0034CFED /* MuscleReccomendApp.swift */ = {isa = PBXFileReference; lastKnownFileType = sourcecode.swift; path = MuscleReccomendApp.swift; sourceTree = "<group>"; };
		6B696A8826C909BA0034CFED /* ContentView.swift */ = {isa = PBXFileReference; lastKnownFileType = sourcecode.swift; path = ContentView.swift; sourceTree = "<group>"; };
		6B696A8A26C909BA0034CFED /* Assets.xcassets */ = {isa = PBXFileReference; lastKnownFileType = folder.assetcatalog; path = Assets.xcassets; sourceTree = "<group>"; };
		6B696A8D26C909BA0034CFED /* Preview Assets.xcassets */ = {isa = PBXFileReference; lastKnownFileType = folder.assetcatalog; path = "Preview Assets.xcassets"; sourceTree = "<group>"; };
		6B696A8F26C909BA0034CFED /* Info.plist */ = {isa = PBXFileReference; lastKnownFileType = text.plist.xml; path = Info.plist; sourceTree = "<group>"; };
		6B696A9426C909BB0034CFED /* MuscleReccomendTests.xctest */ = {isa = PBXFileReference; explicitFileType = wrapper.cfbundle; includeInIndex = 0; path = MuscleReccomendTests.xctest; sourceTree = BUILT_PRODUCTS_DIR; };
		6B696A9826C909BB0034CFED /* MuscleReccomendTests.swift */ = {isa = PBXFileReference; lastKnownFileType = sourcecode.swift; path = MuscleReccomendTests.swift; sourceTree = "<group>"; };
		6B696A9A26C909BB0034CFED /* Info.plist */ = {isa = PBXFileReference; lastKnownFileType = text.plist.xml; path = Info.plist; sourceTree = "<group>"; };
		6B696A9F26C909BB0034CFED /* MuscleReccomendUITests.xctest */ = {isa = PBXFileReference; explicitFileType = wrapper.cfbundle; includeInIndex = 0; path = MuscleReccomendUITests.xctest; sourceTree = BUILT_PRODUCTS_DIR; };
		6B696AA326C909BB0034CFED /* MuscleReccomendUITests.swift */ = {isa = PBXFileReference; lastKnownFileType = sourcecode.swift; path = MuscleReccomendUITests.swift; sourceTree = "<group>"; };
		6B696AA526C909BB0034CFED /* Info.plist */ = {isa = PBXFileReference; lastKnownFileType = text.plist.xml; path = Info.plist; sourceTree = "<group>"; };
/* End PBXFileReference section */

/* Begin PBXFrameworksBuildPhase section */
		6B696A8026C909BA0034CFED /* Frameworks */ = {
			isa = PBXFrameworksBuildPhase;
			buildActionMask = 2147483647;
			files = (
			);
			runOnlyForDeploymentPostprocessing = 0;
		};
		6B696A9126C909BB0034CFED /* Frameworks */ = {
			isa = PBXFrameworksBuildPhase;
			buildActionMask = 2147483647;
			files = (
			);
			runOnlyForDeploymentPostprocessing = 0;
		};
		6B696A9C26C909BB0034CFED /* Frameworks */ = {
			isa = PBXFrameworksBuildPhase;
			buildActionMask = 2147483647;
			files = (
			);
			runOnlyForDeploymentPostprocessing = 0;
		};
/* End PBXFrameworksBuildPhase section */

/* Begin PBXGroup section */
		6B696A7A26C909BA0034CFED = {
			isa = PBXGroup;
			children = (
				6B696A8526C909BA0034CFED /* MuscleReccomend */,
				6B696A9726C909BB0034CFED /* MuscleReccomendTests */,
				6B696AA226C909BB0034CFED /* MuscleReccomendUITests */,
				6B696A8426C909BA0034CFED /* Products */,
			);
			sourceTree = "<group>";
		};
		6B696A8426C909BA0034CFED /* Products */ = {
			isa = PBXGroup;
			children = (
				6B696A8326C909BA0034CFED /* MuscleReccomend.app */,
				6B696A9426C909BB0034CFED /* MuscleReccomendTests.xctest */,
				6B696A9F26C909BB0034CFED /* MuscleReccomendUITests.xctest */,
			);
			name = Products;
			sourceTree = "<group>";
		};
		6B696A8526C909BA0034CFED /* MuscleReccomend */ = {
			isa = PBXGroup;
			children = (
				6B696A8626C909BA0034CFED /* MuscleReccomendApp.swift */,
				6B696A8826C909BA0034CFED /* ContentView.swift */,
				6B696A8A26C909BA0034CFED /* Assets.xcassets */,
				6B696A8F26C909BA0034CFED /* Info.plist */,
				6B696A8C26C909BA0034CFED /* Preview Content */,
			);
			path = MuscleReccomend;
			sourceTree = "<group>";
		};
		6B696A8C26C909BA0034CFED /* Preview Content */ = {
			isa = PBXGroup;
			children = (
				6B696A8D26C909BA0034CFED /* Preview Assets.xcassets */,
			);
			path = "Preview Content";
			sourceTree = "<group>";
		};
		6B696A9726C909BB0034CFED /* MuscleReccomendTests */ = {
			isa = PBXGroup;
			children = (
				6B696A9826C909BB0034CFED /* MuscleReccomendTests.swift */,
				6B696A9A26C909BB0034CFED /* Info.plist */,
			);
			path = MuscleReccomendTests;
			sourceTree = "<group>";
		};
		6B696AA226C909BB0034CFED /* MuscleReccomendUITests */ = {
			isa = PBXGroup;
			children = (
				6B696AA326C909BB0034CFED /* MuscleReccomendUITests.swift */,
				6B696AA526C909BB0034CFED /* Info.plist */,
			);
			path = MuscleReccomendUITests;
			sourceTree = "<group>";
		};
/* End PBXGroup section */

/* Begin PBXNativeTarget section */
		6B696A8226C909BA0034CFED /* MuscleReccomend */ = {
			isa = PBXNativeTarget;
			buildConfigurationList = 6B696AA826C909BB0034CFED /* Build configuration list for PBXNativeTarget "MuscleReccomend" */;
			buildPhases = (
				6B696A7F26C909BA0034CFED /* Sources */,
				6B696A8026C909BA0034CFED /* Frameworks */,
				6B696A8126C909BA0034CFED /* Resources */,
			);
			buildRules = (
			);
			dependencies = (
			);
			name = MuscleReccomend;
			productName = MuscleReccomend;
			productReference = 6B696A8326C909BA0034CFED /* MuscleReccomend.app */;
			productType = "com.apple.product-type.application";
		};
		6B696A9326C909BB0034CFED /* MuscleReccomendTests */ = {
			isa = PBXNativeTarget;
			buildConfigurationList = 6B696AAB26C909BB0034CFED /* Build configuration list for PBXNativeTarget "MuscleReccomendTests" */;
			buildPhases = (
				6B696A9026C909BB0034CFED /* Sources */,
				6B696A9126C909BB0034CFED /* Frameworks */,
				6B696A9226C909BB0034CFED /* Resources */,
			);
			buildRules = (
			);
			dependencies = (
				6B696A9626C909BB0034CFED /* PBXTargetDependency */,
			);
			name = MuscleReccomendTests;
			productName = MuscleReccomendTests;
			productReference = 6B696A9426C909BB0034CFED /* MuscleReccomendTests.xctest */;
			productType = "com.apple.product-type.bundle.unit-test";
		};
		6B696A9E26C909BB0034CFED /* MuscleReccomendUITests */ = {
			isa = PBXNativeTarget;
			buildConfigurationList = 6B696AAE26C909BB0034CFED /* Build configuration list for PBXNativeTarget "MuscleReccomendUITests" */;
			buildPhases = (
				6B696A9B26C909BB0034CFED /* Sources */,
				6B696A9C26C909BB0034CFED /* Frameworks */,
				6B696A9D26C909BB0034CFED /* Resources */,
			);
			buildRules = (
			);
			dependencies = (
				6B696AA126C909BB0034CFED /* PBXTargetDependency */,
			);
			name = MuscleReccomendUITests;
			productName = MuscleReccomendUITests;
			productReference = 6B696A9F26C909BB0034CFED /* MuscleReccomendUITests.xctest */;
			productType = "com.apple.product-type.bundle.ui-testing";
		};
/* End PBXNativeTarget section */

/* Begin PBXProject section */
		6B696A7B26C909BA0034CFED /* Project object */ = {
			isa = PBXProject;
			attributes = {
				LastSwiftUpdateCheck = 1240;
				LastUpgradeCheck = 1240;
				TargetAttributes = {
					6B696A8226C909BA0034CFED = {
						CreatedOnToolsVersion = 12.4;
					};
					6B696A9326C909BB0034CFED = {
						CreatedOnToolsVersion = 12.4;
						TestTargetID = 6B696A8226C909BA0034CFED;
					};
					6B696A9E26C909BB0034CFED = {
						CreatedOnToolsVersion = 12.4;
						TestTargetID = 6B696A8226C909BA0034CFED;
					};
				};
			};
			buildConfigurationList = 6B696A7E26C909BA0034CFED /* Build configuration list for PBXProject "MuscleReccomend" */;
			compatibilityVersion = "Xcode 9.3";
			developmentRegion = en;
			hasScannedForEncodings = 0;
			knownRegions = (
				en,
				Base,
			);
			mainGroup = 6B696A7A26C909BA0034CFED;
			productRefGroup = 6B696A8426C909BA0034CFED /* Products */;
			projectDirPath = "";
			projectRoot = "";
			targets = (
				6B696A8226C909BA0034CFED /* MuscleReccomend */,
				6B696A9326C909BB0034CFED /* MuscleReccomendTests */,
				6B696A9E26C909BB0034CFED /* MuscleReccomendUITests */,
			);
		};
/* End PBXProject section */

/* Begin PBXResourcesBuildPhase section */
		6B696A8126C909BA0034CFED /* Resources */ = {
			isa = PBXResourcesBuildPhase;
			buildActionMask = 2147483647;
			files = (
				6B696A8E26C909BA0034CFED /* Preview Assets.xcassets in Resources */,
				6B696A8B26C909BA0034CFED /* Assets.xcassets in Resources */,
			);
			runOnlyForDeploymentPostprocessing = 0;
		};
		6B696A9226C909BB0034CFED /* Resources */ = {
			isa = PBXResourcesBuildPhase;
			buildActionMask = 2147483647;
			files = (
			);
			runOnlyForDeploymentPostprocessing = 0;
		};
		6B696A9D26C909BB0034CFED /* Resources */ = {
			isa = PBXResourcesBuildPhase;
			buildActionMask = 2147483647;
			files = (
			);
			runOnlyForDeploymentPostprocessing = 0;
		};
/* End PBXResourcesBuildPhase section */

/* Begin PBXSourcesBuildPhase section */
		6B696A7F26C909BA0034CFED /* Sources */ = {
			isa = PBXSourcesBuildPhase;
			buildActionMask = 2147483647;
			files = (
				6B696A8926C909BA0034CFED /* ContentView.swift in Sources */,
				6B696A8726C909BA0034CFED /* MuscleReccomendApp.swift in Sources */,
			);
			runOnlyForDeploymentPostprocessing = 0;
		};
		6B696A9026C909BB0034CFED /* Sources */ = {
			isa = PBXSourcesBuildPhase;
			buildActionMask = 2147483647;
			files = (
				6B696A9926C909BB0034CFED /* MuscleReccomendTests.swift in Sources */,
			);
			runOnlyForDeploymentPostprocessing = 0;
		};
		6B696A9B26C909BB0034CFED /* Sources */ = {
			isa = PBXSourcesBuildPhase;
			buildActionMask = 2147483647;
			files = (
				6B696AA426C909BB0034CFED /* MuscleReccomendUITests.swift in Sources */,
			);
			runOnlyForDeploymentPostprocessing = 0;
		};
/* End PBXSourcesBuildPhase section */

/* Begin PBXTargetDependency section */
		6B696A9626C909BB0034CFED /* PBXTargetDependency */ = {
			isa = PBXTargetDependency;
			target = 6B696A8226C909BA0034CFED /* MuscleReccomend */;
			targetProxy = 6B696A9526C909BB0034CFED /* PBXContainerItemProxy */;
		};
		6B696AA126C909BB0034CFED /* PBXTargetDependency */ = {
			isa = PBXTargetDependency;
			target = 6B696A8226C909BA0034CFED /* MuscleReccomend */;
			targetProxy = 6B696AA026C909BB0034CFED /* PBXContainerItemProxy */;
		};
/* End PBXTargetDependency section */

/* Begin XCBuildConfiguration section */
		6B696AA626C909BB0034CFED /* Debug */ = {
			isa = XCBuildConfiguration;
			buildSettings = {
				ALWAYS_SEARCH_USER_PATHS = NO;
				CLANG_ANALYZER_NONNULL = YES;
				CLANG_ANALYZER_NUMBER_OBJECT_CONVERSION = YES_AGGRESSIVE;
				CLANG_CXX_LANGUAGE_STANDARD = "gnu++14";
				CLANG_CXX_LIBRARY = "libc++";
				CLANG_ENABLE_MODULES = YES;
				CLANG_ENABLE_OBJC_ARC = YES;
				CLANG_ENABLE_OBJC_WEAK = YES;
				CLANG_WARN_BLOCK_CAPTURE_AUTORELEASING = YES;
				CLANG_WARN_BOOL_CONVERSION = YES;
				CLANG_WARN_COMMA = YES;
				CLANG_WARN_CONSTANT_CONVERSION = YES;
				CLANG_WARN_DEPRECATED_OBJC_IMPLEMENTATIONS = YES;
				CLANG_WARN_DIRECT_OBJC_ISA_USAGE = YES_ERROR;
				CLANG_WARN_DOCUMENTATION_COMMENTS = YES;
				CLANG_WARN_EMPTY_BODY = YES;
				CLANG_WARN_ENUM_CONVERSION = YES;
				CLANG_WARN_INFINITE_RECURSION = YES;
				CLANG_WARN_INT_CONVERSION = YES;
				CLANG_WARN_NON_LITERAL_NULL_CONVERSION = YES;
				CLANG_WARN_OBJC_IMPLICIT_RETAIN_SELF = YES;
				CLANG_WARN_OBJC_LITERAL_CONVERSION = YES;
				CLANG_WARN_OBJC_ROOT_CLASS = YES_ERROR;
				CLANG_WARN_QUOTED_INCLUDE_IN_FRAMEWORK_HEADER = YES;
				CLANG_WARN_RANGE_LOOP_ANALYSIS = YES;
				CLANG_WARN_STRICT_PROTOTYPES = YES;
				CLANG_WARN_SUSPICIOUS_MOVE = YES;
				CLANG_WARN_UNGUARDED_AVAILABILITY = YES_AGGRESSIVE;
				CLANG_WARN_UNREACHABLE_CODE = YES;
				CLANG_WARN__DUPLICATE_METHOD_MATCH = YES;
				COPY_PHASE_STRIP = NO;
				DEBUG_INFORMATION_FORMAT = dwarf;
				ENABLE_STRICT_OBJC_MSGSEND = YES;
				ENABLE_TESTABILITY = YES;
				GCC_C_LANGUAGE_STANDARD = gnu11;
				GCC_DYNAMIC_NO_PIC = NO;
				GCC_NO_COMMON_BLOCKS = YES;
				GCC_OPTIMIZATION_LEVEL = 0;
				GCC_PREPROCESSOR_DEFINITIONS = (
					"DEBUG=1",
					"$(inherited)",
				);
				GCC_WARN_64_TO_32_BIT_CONVERSION = YES;
				GCC_WARN_ABOUT_RETURN_TYPE = YES_ERROR;
				GCC_WARN_UNDECLARED_SELECTOR = YES;
				GCC_WARN_UNINITIALIZED_AUTOS = YES_AGGRESSIVE;
				GCC_WARN_UNUSED_FUNCTION = YES;
				GCC_WARN_UNUSED_VARIABLE = YES;
				IPHONEOS_DEPLOYMENT_TARGET = 14.4;
				MTL_ENABLE_DEBUG_INFO = INCLUDE_SOURCE;
				MTL_FAST_MATH = YES;
				ONLY_ACTIVE_ARCH = YES;
				SDKROOT = iphoneos;
				SWIFT_ACTIVE_COMPILATION_CONDITIONS = DEBUG;
				SWIFT_OPTIMIZATION_LEVEL = "-Onone";
			};
			name = Debug;
		};
		6B696AA726C909BB0034CFED /* Release */ = {
			isa = XCBuildConfiguration;
			buildSettings = {
				ALWAYS_SEARCH_USER_PATHS = NO;
				CLANG_ANALYZER_NONNULL = YES;
				CLANG_ANALYZER_NUMBER_OBJECT_CONVERSION = YES_AGGRESSIVE;
				CLANG_CXX_LANGUAGE_STANDARD = "gnu++14";
				CLANG_CXX_LIBRARY = "libc++";
				CLANG_ENABLE_MODULES = YES;
				CLANG_ENABLE_OBJC_ARC = YES;
				CLANG_ENABLE_OBJC_WEAK = YES;
				CLANG_WARN_BLOCK_CAPTURE_AUTORELEASING = YES;
				CLANG_WARN_BOOL_CONVERSION = YES;
				CLANG_WARN_COMMA = YES;
				CLANG_WARN_CONSTANT_CONVERSION = YES;
				CLANG_WARN_DEPRECATED_OBJC_IMPLEMENTATIONS = YES;
				CLANG_WARN_DIRECT_OBJC_ISA_USAGE = YES_ERROR;
				CLANG_WARN_DOCUMENTATION_COMMENTS = YES;
				CLANG_WARN_EMPTY_BODY = YES;
				CLANG_WARN_ENUM_CONVERSION = YES;
				CLANG_WARN_INFINITE_RECURSION = YES;
				CLANG_WARN_INT_CONVERSION = YES;
				CLANG_WARN_NON_LITERAL_NULL_CONVERSION = YES;
				CLANG_WARN_OBJC_IMPLICIT_RETAIN_SELF = YES;
				CLANG_WARN_OBJC_LITERAL_CONVERSION = YES;
				CLANG_WARN_OBJC_ROOT_CLASS = YES_ERROR;
				CLANG_WARN_QUOTED_INCLUDE_IN_FRAMEWORK_HEADER = YES;
				CLANG_WARN_RANGE_LOOP_ANALYSIS = YES;
				CLANG_WARN_STRICT_PROTOTYPES = YES;
				CLANG_WARN_SUSPICIOUS_MOVE = YES;
				CLANG_WARN_UNGUARDED_AVAILABILITY = YES_AGGRESSIVE;
				CLANG_WARN_UNREACHABLE_CODE = YES;
				CLANG_WARN__DUPLICATE_METHOD_MATCH = YES;
				COPY_PHASE_STRIP = NO;
				DEBUG_INFORMATION_FORMAT = "dwarf-with-dsym";
				ENABLE_NS_ASSERTIONS = NO;
				ENABLE_STRICT_OBJC_MSGSEND = YES;
				GCC_C_LANGUAGE_STANDARD = gnu11;
				GCC_NO_COMMON_BLOCKS = YES;
				GCC_WARN_64_TO_32_BIT_CONVERSION = YES;
				GCC_WARN_ABOUT_RETURN_TYPE = YES_ERROR;
				GCC_WARN_UNDECLARED_SELECTOR = YES;
				GCC_WARN_UNINITIALIZED_AUTOS = YES_AGGRESSIVE;
				GCC_WARN_UNUSED_FUNCTION = YES;
				GCC_WARN_UNUSED_VARIABLE = YES;
				IPHONEOS_DEPLOYMENT_TARGET = 14.4;
				MTL_ENABLE_DEBUG_INFO = NO;
				MTL_FAST_MATH = YES;
				SDKROOT = iphoneos;
				SWIFT_COMPILATION_MODE = wholemodule;
				SWIFT_OPTIMIZATION_LEVEL = "-O";
				VALIDATE_PRODUCT = YES;
			};
			name = Release;
		};
		6B696AA926C909BB0034CFED /* Debug */ = {
			isa = XCBuildConfiguration;
			buildSettings = {
				ASSETCATALOG_COMPILER_APPICON_NAME = AppIcon;
				ASSETCATALOG_COMPILER_GLOBAL_ACCENT_COLOR_NAME = AccentColor;
				CODE_SIGN_STYLE = Automatic;
				DEVELOPMENT_ASSET_PATHS = "\"MuscleReccomend/Preview Content\"";
				DEVELOPMENT_TEAM = L6CD882LCX;
				ENABLE_PREVIEWS = YES;
				INFOPLIST_FILE = MuscleReccomend/Info.plist;
				IPHONEOS_DEPLOYMENT_TARGET = 14.0;
				LD_RUNPATH_SEARCH_PATHS = (
					"$(inherited)",
					"@executable_path/Frameworks",
				);
				PRODUCT_BUNDLE_IDENTIFIER = geckoyamori.MuscleReccomend;
				PRODUCT_NAME = "$(TARGET_NAME)";
				SWIFT_VERSION = 5.0;
				TARGETED_DEVICE_FAMILY = "1,2";
			};
			name = Debug;
		};
		6B696AAA26C909BB0034CFED /* Release */ = {
			isa = XCBuildConfiguration;
			buildSettings = {
				ASSETCATALOG_COMPILER_APPICON_NAME = AppIcon;
				ASSETCATALOG_COMPILER_GLOBAL_ACCENT_COLOR_NAME = AccentColor;
				CODE_SIGN_STYLE = Automatic;
				DEVELOPMENT_ASSET_PATHS = "\"MuscleReccomend/Preview Content\"";
				DEVELOPMENT_TEAM = L6CD882LCX;
				ENABLE_PREVIEWS = YES;
				INFOPLIST_FILE = MuscleReccomend/Info.plist;
				IPHONEOS_DEPLOYMENT_TARGET = 14.0;
				LD_RUNPATH_SEARCH_PATHS = (
					"$(inherited)",
					"@executable_path/Frameworks",
				);
				PRODUCT_BUNDLE_IDENTIFIER = geckoyamori.MuscleReccomend;
				PRODUCT_NAME = "$(TARGET_NAME)";
				SWIFT_VERSION = 5.0;
				TARGETED_DEVICE_FAMILY = "1,2";
			};
			name = Release;
		};
		6B696AAC26C909BB0034CFED /* Debug */ = {
			isa = XCBuildConfiguration;
			buildSettings = {
				ALWAYS_EMBED_SWIFT_STANDARD_LIBRARIES = YES;
				BUNDLE_LOADER = "$(TEST_HOST)";
				CODE_SIGN_STYLE = Automatic;
				DEVELOPMENT_TEAM = L6CD882LCX;
				INFOPLIST_FILE = MuscleReccomendTests/Info.plist;
				IPHONEOS_DEPLOYMENT_TARGET = 14.0;
				LD_RUNPATH_SEARCH_PATHS = (
					"$(inherited)",
					"@executable_path/Frameworks",
					"@loader_path/Frameworks",
				);
				PRODUCT_BUNDLE_IDENTIFIER = geckoyamori.MuscleReccomendTests;
				PRODUCT_NAME = "$(TARGET_NAME)";
				SWIFT_VERSION = 5.0;
				TARGETED_DEVICE_FAMILY = "1,2";
				TEST_HOST = "$(BUILT_PRODUCTS_DIR)/MuscleReccomend.app/MuscleReccomend";
			};
			name = Debug;
		};
		6B696AAD26C909BB0034CFED /* Release */ = {
			isa = XCBuildConfiguration;
			buildSettings = {
				ALWAYS_EMBED_SWIFT_STANDARD_LIBRARIES = YES;
				BUNDLE_LOADER = "$(TEST_HOST)";
				CODE_SIGN_STYLE = Automatic;
				DEVELOPMENT_TEAM = L6CD882LCX;
				INFOPLIST_FILE = MuscleReccomendTests/Info.plist;
				IPHONEOS_DEPLOYMENT_TARGET = 14.0;
				LD_RUNPATH_SEARCH_PATHS = (
					"$(inherited)",
					"@executable_path/Frameworks",
					"@loader_path/Frameworks",
				);
				PRODUCT_BUNDLE_IDENTIFIER = geckoyamori.MuscleReccomendTests;
				PRODUCT_NAME = "$(TARGET_NAME)";
				SWIFT_VERSION = 5.0;
				TARGETED_DEVICE_FAMILY = "1,2";
				TEST_HOST = "$(BUILT_PRODUCTS_DIR)/MuscleReccomend.app/MuscleReccomend";
			};
			name = Release;
		};
		6B696AAF26C909BB0034CFED /* Debug */ = {
			isa = XCBuildConfiguration;
			buildSettings = {
				ALWAYS_EMBED_SWIFT_STANDARD_LIBRARIES = YES;
				CODE_SIGN_STYLE = Automatic;
				DEVELOPMENT_TEAM = L6CD882LCX;
				INFOPLIST_FILE = MuscleReccomendUITests/Info.plist;
				LD_RUNPATH_SEARCH_PATHS = (
					"$(inherited)",
					"@executable_path/Frameworks",
					"@loader_path/Frameworks",
				);
				PRODUCT_BUNDLE_IDENTIFIER = geckoyamori.MuscleReccomendUITests;
				PRODUCT_NAME = "$(TARGET_NAME)";
				SWIFT_VERSION = 5.0;
				TARGETED_DEVICE_FAMILY = "1,2";
				TEST_TARGET_NAME = MuscleReccomend;
			};
			name = Debug;
		};
		6B696AB026C909BB0034CFED /* Release */ = {
			isa = XCBuildConfiguration;
			buildSettings = {
				ALWAYS_EMBED_SWIFT_STANDARD_LIBRARIES = YES;
				CODE_SIGN_STYLE = Automatic;
				DEVELOPMENT_TEAM = L6CD882LCX;
				INFOPLIST_FILE = MuscleReccomendUITests/Info.plist;
				LD_RUNPATH_SEARCH_PATHS = (
					"$(inherited)",
					"@executable_path/Frameworks",
					"@loader_path/Frameworks",
				);
				PRODUCT_BUNDLE_IDENTIFIER = geckoyamori.MuscleReccomendUITests;
				PRODUCT_NAME = "$(TARGET_NAME)";
				SWIFT_VERSION = 5.0;
				TARGETED_DEVICE_FAMILY = "1,2";
				TEST_TARGET_NAME = MuscleReccomend;
			};
			name = Release;
		};
/* End XCBuildConfiguration section */

/* Begin XCConfigurationList section */
		6B696A7E26C909BA0034CFED /* Build configuration list for PBXProject "MuscleReccomend" */ = {
			isa = XCConfigurationList;
			buildConfigurations = (
				6B696AA626C909BB0034CFED /* Debug */,
				6B696AA726C909BB0034CFED /* Release */,
			);
			defaultConfigurationIsVisible = 0;
			defaultConfigurationName = Release;
		};
		6B696AA826C909BB0034CFED /* Build configuration list for PBXNativeTarget "MuscleReccomend" */ = {
			isa = XCConfigurationList;
			buildConfigurations = (
				6B696AA926C909BB0034CFED /* Debug */,
				6B696AAA26C909BB0034CFED /* Release */,
			);
			defaultConfigurationIsVisible = 0;
			defaultConfigurationName = Release;
		};
		6B696AAB26C909BB0034CFED /* Build configuration list for PBXNativeTarget "MuscleReccomendTests" */ = {
			isa = XCConfigurationList;
			buildConfigurations = (
				6B696AAC26C909BB0034CFED /* Debug */,
				6B696AAD26C909BB0034CFED /* Release */,
			);
			defaultConfigurationIsVisible = 0;
			defaultConfigurationName = Release;
		};
		6B696AAE26C909BB0034CFED /* Build configuration list for PBXNativeTarget "MuscleReccomendUITests" */ = {
			isa = XCConfigurationList;
			buildConfigurations = (
				6B696AAF26C909BB0034CFED /* Debug */,
				6B696AB026C909BB0034CFED /* Release */,
			);
			defaultConfigurationIsVisible = 0;
			defaultConfigurationName = Release;
		};
/* End XCConfigurationList section */
	};
	rootObject = 6B696A7B26C909BA0034CFED /* Project object */;
}
